// !$*UTF8*$!
{
	archiveVersion = 1;
	classes = {
	};
	objectVersion = 46;
	objects = {

/* Begin PBXBuildFile section */
		2CC3AC6D49082D2FB9713E52 /* Pods_MyJournal.framework in Frameworks */ = {isa = PBXBuildFile; fileRef = 9CAADC80C3EEBC73FB44661F /* Pods_MyJournal.framework */; };
		CC174F0B1E0F67560036F4E6 /* AppDelegate.swift in Sources */ = {isa = PBXBuildFile; fileRef = CC174F0A1E0F67560036F4E6 /* AppDelegate.swift */; };
		CC174F0D1E0F67560036F4E6 /* EntryViewController.swift in Sources */ = {isa = PBXBuildFile; fileRef = CC174F0C1E0F67560036F4E6 /* EntryViewController.swift */; };
		CC174F101E0F67560036F4E6 /* Main.storyboard in Resources */ = {isa = PBXBuildFile; fileRef = CC174F0E1E0F67560036F4E6 /* Main.storyboard */; };
		CC174F121E0F67560036F4E6 /* Assets.xcassets in Resources */ = {isa = PBXBuildFile; fileRef = CC174F111E0F67560036F4E6 /* Assets.xcassets */; };
		CC174F151E0F67560036F4E6 /* LaunchScreen.storyboard in Resources */ = {isa = PBXBuildFile; fileRef = CC174F131E0F67560036F4E6 /* LaunchScreen.storyboard */; };
		CC174F201E0F67560036F4E6 /* MyJournalTests.swift in Sources */ = {isa = PBXBuildFile; fileRef = CC174F1F1E0F67560036F4E6 /* MyJournalTests.swift */; };
		CC174F2B1E0F91E20036F4E6 /* EntryTableViewController.swift in Sources */ = {isa = PBXBuildFile; fileRef = CC174F2A1E0F91E20036F4E6 /* EntryTableViewController.swift */; };
		CC174F2D1E0F92050036F4E6 /* Entry.swift in Sources */ = {isa = PBXBuildFile; fileRef = CC174F2C1E0F92040036F4E6 /* Entry.swift */; };
		CC174F2F1E0F94B50036F4E6 /* EntryTableViewCell.swift in Sources */ = {isa = PBXBuildFile; fileRef = CC174F2E1E0F94B50036F4E6 /* EntryTableViewCell.swift */; };
		CCB8CD011E21D56100859514 /* GoogleService-Info.plist in Resources */ = {isa = PBXBuildFile; fileRef = CCB8CD001E21D56100859514 /* GoogleService-Info.plist */; };
		CCB8CD021E21D56100859514 /* GoogleService-Info.plist in Resources */ = {isa = PBXBuildFile; fileRef = CCB8CD001E21D56100859514 /* GoogleService-Info.plist */; };
/* End PBXBuildFile section */

/* Begin PBXContainerItemProxy section */
		CC174F1C1E0F67560036F4E6 /* PBXContainerItemProxy */ = {
			isa = PBXContainerItemProxy;
			containerPortal = CC174EFF1E0F67550036F4E6 /* Project object */;
			proxyType = 1;
			remoteGlobalIDString = CC174F061E0F67560036F4E6;
			remoteInfo = MyJournal;
		};
/* End PBXContainerItemProxy section */

/* Begin PBXFileReference section */
		00F9C094C0CA6C2AFCB4C1EC /* Pods-MyJournal.debug.xcconfig */ = {isa = PBXFileReference; includeInIndex = 1; lastKnownFileType = text.xcconfig; name = "Pods-MyJournal.debug.xcconfig"; path = "Pods/Target Support Files/Pods-MyJournal/Pods-MyJournal.debug.xcconfig"; sourceTree = "<group>"; };
		9CAADC80C3EEBC73FB44661F /* Pods_MyJournal.framework */ = {isa = PBXFileReference; explicitFileType = wrapper.framework; includeInIndex = 0; path = Pods_MyJournal.framework; sourceTree = BUILT_PRODUCTS_DIR; };
		A2040E972387EDD4A1C2B6FD /* Pods_MyJournalTests.framework */ = {isa = PBXFileReference; explicitFileType = wrapper.framework; includeInIndex = 0; path = Pods_MyJournalTests.framework; sourceTree = BUILT_PRODUCTS_DIR; };
		A3FFAE2F5B04611190E49CA5 /* Pods-MyJournal.release.xcconfig */ = {isa = PBXFileReference; includeInIndex = 1; lastKnownFileType = text.xcconfig; name = "Pods-MyJournal.release.xcconfig"; path = "Pods/Target Support Files/Pods-MyJournal/Pods-MyJournal.release.xcconfig"; sourceTree = "<group>"; };
		CC174F071E0F67560036F4E6 /* MyJournal.app */ = {isa = PBXFileReference; explicitFileType = wrapper.application; includeInIndex = 0; path = MyJournal.app; sourceTree = BUILT_PRODUCTS_DIR; };
		CC174F0A1E0F67560036F4E6 /* AppDelegate.swift */ = {isa = PBXFileReference; lastKnownFileType = sourcecode.swift; path = AppDelegate.swift; sourceTree = "<group>"; };
		CC174F0C1E0F67560036F4E6 /* EntryViewController.swift */ = {isa = PBXFileReference; lastKnownFileType = sourcecode.swift; path = EntryViewController.swift; sourceTree = "<group>"; };
		CC174F0F1E0F67560036F4E6 /* Base */ = {isa = PBXFileReference; lastKnownFileType = file.storyboard; name = Base; path = Base.lproj/Main.storyboard; sourceTree = "<group>"; };
		CC174F111E0F67560036F4E6 /* Assets.xcassets */ = {isa = PBXFileReference; lastKnownFileType = folder.assetcatalog; path = Assets.xcassets; sourceTree = "<group>"; };
		CC174F141E0F67560036F4E6 /* Base */ = {isa = PBXFileReference; lastKnownFileType = file.storyboard; name = Base; path = Base.lproj/LaunchScreen.storyboard; sourceTree = "<group>"; };
		CC174F161E0F67560036F4E6 /* Info.plist */ = {isa = PBXFileReference; lastKnownFileType = text.plist.xml; path = Info.plist; sourceTree = "<group>"; };
		CC174F1B1E0F67560036F4E6 /* MyJournalTests.xctest */ = {isa = PBXFileReference; explicitFileType = wrapper.cfbundle; includeInIndex = 0; path = MyJournalTests.xctest; sourceTree = BUILT_PRODUCTS_DIR; };
		CC174F1F1E0F67560036F4E6 /* MyJournalTests.swift */ = {isa = PBXFileReference; lastKnownFileType = sourcecode.swift; path = MyJournalTests.swift; sourceTree = "<group>"; };
		CC174F211E0F67560036F4E6 /* Info.plist */ = {isa = PBXFileReference; lastKnownFileType = text.plist.xml; path = Info.plist; sourceTree = "<group>"; };
		CC174F2A1E0F91E20036F4E6 /* EntryTableViewController.swift */ = {isa = PBXFileReference; fileEncoding = 4; lastKnownFileType = sourcecode.swift; path = EntryTableViewController.swift; sourceTree = "<group>"; };
		CC174F2C1E0F92040036F4E6 /* Entry.swift */ = {isa = PBXFileReference; fileEncoding = 4; lastKnownFileType = sourcecode.swift; path = Entry.swift; sourceTree = "<group>"; };
		CC174F2E1E0F94B50036F4E6 /* EntryTableViewCell.swift */ = {isa = PBXFileReference; fileEncoding = 4; lastKnownFileType = sourcecode.swift; path = EntryTableViewCell.swift; sourceTree = "<group>"; };
		CCB8CD001E21D56100859514 /* GoogleService-Info.plist */ = {isa = PBXFileReference; fileEncoding = 4; lastKnownFileType = text.plist.xml; path = "GoogleService-Info.plist"; sourceTree = "<group>"; };
/* End PBXFileReference section */

/* Begin PBXFrameworksBuildPhase section */
		CC174F041E0F67560036F4E6 /* Frameworks */ = {
			isa = PBXFrameworksBuildPhase;
			buildActionMask = 2147483647;
			files = (
				2CC3AC6D49082D2FB9713E52 /* Pods_MyJournal.framework in Frameworks */,
			);
			runOnlyForDeploymentPostprocessing = 0;
		};
		CC174F181E0F67560036F4E6 /* Frameworks */ = {
			isa = PBXFrameworksBuildPhase;
			buildActionMask = 2147483647;
			files = (
			);
			runOnlyForDeploymentPostprocessing = 0;
		};
/* End PBXFrameworksBuildPhase section */

/* Begin PBXGroup section */
		244CB97781FAB9C42684B4CE /* Frameworks */ = {
			isa = PBXGroup;
			children = (
				9CAADC80C3EEBC73FB44661F /* Pods_MyJournal.framework */,
				A2040E972387EDD4A1C2B6FD /* Pods_MyJournalTests.framework */,
			);
			name = Frameworks;
			sourceTree = "<group>";
		};
		CC174EFE1E0F67550036F4E6 = {
			isa = PBXGroup;
			children = (
				CC174F091E0F67560036F4E6 /* MyJournal */,
				CC174F1E1E0F67560036F4E6 /* MyJournalTests */,
				CC174F081E0F67560036F4E6 /* Products */,
				CDCD8DA78A9EE7467733B19C /* Pods */,
				244CB97781FAB9C42684B4CE /* Frameworks */,
			);
			sourceTree = "<group>";
		};
		CC174F081E0F67560036F4E6 /* Products */ = {
			isa = PBXGroup;
			children = (
				CC174F071E0F67560036F4E6 /* MyJournal.app */,
				CC174F1B1E0F67560036F4E6 /* MyJournalTests.xctest */,
			);
			name = Products;
			sourceTree = "<group>";
		};
		CC174F091E0F67560036F4E6 /* MyJournal */ = {
			isa = PBXGroup;
			children = (
				CC174F0A1E0F67560036F4E6 /* AppDelegate.swift */,
				CC174F2C1E0F92040036F4E6 /* Entry.swift */,
				CC174F0C1E0F67560036F4E6 /* EntryViewController.swift */,
				CC174F2E1E0F94B50036F4E6 /* EntryTableViewCell.swift */,
				CC174F2A1E0F91E20036F4E6 /* EntryTableViewController.swift */,
				CC174F0E1E0F67560036F4E6 /* Main.storyboard */,
				CC174F111E0F67560036F4E6 /* Assets.xcassets */,
				CC174F131E0F67560036F4E6 /* LaunchScreen.storyboard */,
				CC174F161E0F67560036F4E6 /* Info.plist */,
				CCB8CD001E21D56100859514 /* GoogleService-Info.plist */,
			);
			path = MyJournal;
			sourceTree = "<group>";
		};
		CC174F1E1E0F67560036F4E6 /* MyJournalTests */ = {
			isa = PBXGroup;
			children = (
				CC174F1F1E0F67560036F4E6 /* MyJournalTests.swift */,
				CC174F211E0F67560036F4E6 /* Info.plist */,
			);
			path = MyJournalTests;
			sourceTree = "<group>";
		};
		CDCD8DA78A9EE7467733B19C /* Pods */ = {
			isa = PBXGroup;
			children = (
				00F9C094C0CA6C2AFCB4C1EC /* Pods-MyJournal.debug.xcconfig */,
				A3FFAE2F5B04611190E49CA5 /* Pods-MyJournal.release.xcconfig */,
			);
			name = Pods;
			sourceTree = "<group>";
		};
/* End PBXGroup section */

/* Begin PBXNativeTarget section */
		CC174F061E0F67560036F4E6 /* MyJournal */ = {
			isa = PBXNativeTarget;
			buildConfigurationList = CC174F241E0F67560036F4E6 /* Build configuration list for PBXNativeTarget "MyJournal" */;
			buildPhases = (
				67C18F11FCCA7136FA2CD1A2 /* [CP] Check Pods Manifest.lock */,
				CC174F031E0F67560036F4E6 /* Sources */,
				CC174F041E0F67560036F4E6 /* Frameworks */,
				CC174F051E0F67560036F4E6 /* Resources */,
				255EB9A083C249518D4F62B2 /* [CP] Embed Pods Frameworks */,
				7869DCC738E7ABAF918A8635 /* [CP] Copy Pods Resources */,
			);
			buildRules = (
			);
			dependencies = (
			);
			name = MyJournal;
			productName = MyJournal;
			productReference = CC174F071E0F67560036F4E6 /* MyJournal.app */;
			productType = "com.apple.product-type.application";
		};
		CC174F1A1E0F67560036F4E6 /* MyJournalTests */ = {
			isa = PBXNativeTarget;
			buildConfigurationList = CC174F271E0F67560036F4E6 /* Build configuration list for PBXNativeTarget "MyJournalTests" */;
			buildPhases = (
				CC174F171E0F67560036F4E6 /* Sources */,
				CC174F181E0F67560036F4E6 /* Frameworks */,
				CC174F191E0F67560036F4E6 /* Resources */,
			);
			buildRules = (
			);
			dependencies = (
				CC174F1D1E0F67560036F4E6 /* PBXTargetDependency */,
			);
			name = MyJournalTests;
			productName = MyJournalTests;
			productReference = CC174F1B1E0F67560036F4E6 /* MyJournalTests.xctest */;
			productType = "com.apple.product-type.bundle.unit-test";
		};
/* End PBXNativeTarget section */

/* Begin PBXProject section */
		CC174EFF1E0F67550036F4E6 /* Project object */ = {
			isa = PBXProject;
			attributes = {
				LastSwiftUpdateCheck = 0820;
				LastUpgradeCheck = 0820;
				ORGANIZATIONNAME = "Salim Dewani";
				TargetAttributes = {
					CC174F061E0F67560036F4E6 = {
						CreatedOnToolsVersion = 8.2;
						DevelopmentTeam = 5Z6HJMDT99;
						ProvisioningStyle = Automatic;
					};
					CC174F1A1E0F67560036F4E6 = {
						CreatedOnToolsVersion = 8.2;
						ProvisioningStyle = Automatic;
						TestTargetID = CC174F061E0F67560036F4E6;
					};
				};
			};
			buildConfigurationList = CC174F021E0F67550036F4E6 /* Build configuration list for PBXProject "MyJournal" */;
			compatibilityVersion = "Xcode 3.2";
			developmentRegion = English;
			hasScannedForEncodings = 0;
			knownRegions = (
				en,
				Base,
			);
			mainGroup = CC174EFE1E0F67550036F4E6;
			productRefGroup = CC174F081E0F67560036F4E6 /* Products */;
			projectDirPath = "";
			projectRoot = "";
			targets = (
				CC174F061E0F67560036F4E6 /* MyJournal */,
				CC174F1A1E0F67560036F4E6 /* MyJournalTests */,
			);
		};
/* End PBXProject section */

/* Begin PBXResourcesBuildPhase section */
		CC174F051E0F67560036F4E6 /* Resources */ = {
			isa = PBXResourcesBuildPhase;
			buildActionMask = 2147483647;
			files = (
				CC174F151E0F67560036F4E6 /* LaunchScreen.storyboard in Resources */,
				CCB8CD011E21D56100859514 /* GoogleService-Info.plist in Resources */,
				CC174F121E0F67560036F4E6 /* Assets.xcassets in Resources */,
				CC174F101E0F67560036F4E6 /* Main.storyboard in Resources */,
			);
			runOnlyForDeploymentPostprocessing = 0;
		};
		CC174F191E0F67560036F4E6 /* Resources */ = {
			isa = PBXResourcesBuildPhase;
			buildActionMask = 2147483647;
			files = (
				CCB8CD021E21D56100859514 /* GoogleService-Info.plist in Resources */,
			);
			runOnlyForDeploymentPostprocessing = 0;
		};
/* End PBXResourcesBuildPhase section */

/* Begin PBXShellScriptBuildPhase section */
		255EB9A083C249518D4F62B2 /* [CP] Embed Pods Frameworks */ = {
			isa = PBXShellScriptBuildPhase;
			buildActionMask = 2147483647;
			files = (
			);
			inputPaths = (
			);
			name = "[CP] Embed Pods Frameworks";
			outputPaths = (
			);
			runOnlyForDeploymentPostprocessing = 0;
			shellPath = /bin/sh;
			shellScript = "\"${SRCROOT}/Pods/Target Support Files/Pods-MyJournal/Pods-MyJournal-frameworks.sh\"\n";
			showEnvVarsInLog = 0;
		};
		67C18F11FCCA7136FA2CD1A2 /* [CP] Check Pods Manifest.lock */ = {
			isa = PBXShellScriptBuildPhase;
			buildActionMask = 2147483647;
			files = (
			);
			inputPaths = (
			);
			name = "[CP] Check Pods Manifest.lock";
			outputPaths = (
			);
			runOnlyForDeploymentPostprocessing = 0;
			shellPath = /bin/sh;
			shellScript = "diff \"${PODS_ROOT}/../Podfile.lock\" \"${PODS_ROOT}/Manifest.lock\" > /dev/null\nif [ $? != 0 ] ; then\n    # print error to STDERR\n    echo \"error: The sandbox is not in sync with the Podfile.lock. Run 'pod install' or update your CocoaPods installation.\" >&2\n    exit 1\nfi\n";
			showEnvVarsInLog = 0;
		};
		7869DCC738E7ABAF918A8635 /* [CP] Copy Pods Resources */ = {
			isa = PBXShellScriptBuildPhase;
			buildActionMask = 2147483647;
			files = (
			);
			inputPaths = (
			);
			name = "[CP] Copy Pods Resources";
			outputPaths = (
			);
			runOnlyForDeploymentPostprocessing = 0;
			shellPath = /bin/sh;
			shellScript = "\"${SRCROOT}/Pods/Target Support Files/Pods-MyJournal/Pods-MyJournal-resources.sh\"\n";
			showEnvVarsInLog = 0;
		};
/* End PBXShellScriptBuildPhase section */

/* Begin PBXSourcesBuildPhase section */
		CC174F031E0F67560036F4E6 /* Sources */ = {
			isa = PBXSourcesBuildPhase;
			buildActionMask = 2147483647;
			files = (
				CC174F2D1E0F92050036F4E6 /* Entry.swift in Sources */,
				CC174F2F1E0F94B50036F4E6 /* EntryTableViewCell.swift in Sources */,
				CC174F0D1E0F67560036F4E6 /* EntryViewController.swift in Sources */,
				CC174F2B1E0F91E20036F4E6 /* EntryTableViewController.swift in Sources */,
				CC174F0B1E0F67560036F4E6 /* AppDelegate.swift in Sources */,
			);
			runOnlyForDeploymentPostprocessing = 0;
		};
		CC174F171E0F67560036F4E6 /* Sources */ = {
			isa = PBXSourcesBuildPhase;
			buildActionMask = 2147483647;
			files = (
				CC174F201E0F67560036F4E6 /* MyJournalTests.swift in Sources */,
			);
			runOnlyForDeploymentPostprocessing = 0;
		};
/* End PBXSourcesBuildPhase section */

/* Begin PBXTargetDependency section */
		CC174F1D1E0F67560036F4E6 /* PBXTargetDependency */ = {
			isa = PBXTargetDependency;
			target = CC174F061E0F67560036F4E6 /* MyJournal */;
			targetProxy = CC174F1C1E0F67560036F4E6 /* PBXContainerItemProxy */;
		};
/* End PBXTargetDependency section */

/* Begin PBXVariantGroup section */
		CC174F0E1E0F67560036F4E6 /* Main.storyboard */ = {
			isa = PBXVariantGroup;
			children = (
				CC174F0F1E0F67560036F4E6 /* Base */,
			);
			name = Main.storyboard;
			sourceTree = "<group>";
		};
		CC174F131E0F67560036F4E6 /* LaunchScreen.storyboard */ = {
			isa = PBXVariantGroup;
			children = (
				CC174F141E0F67560036F4E6 /* Base */,
			);
			name = LaunchScreen.storyboard;
			sourceTree = "<group>";
		};
/* End PBXVariantGroup section */

/* Begin XCBuildConfiguration section */
		CC174F221E0F67560036F4E6 /* Debug */ = {
			isa = XCBuildConfiguration;
			buildSettings = {
				ALWAYS_SEARCH_USER_PATHS = NO;
				CLANG_ANALYZER_NONNULL = YES;
				CLANG_CXX_LANGUAGE_STANDARD = "gnu++0x";
				CLANG_CXX_LIBRARY = "libc++";
				CLANG_ENABLE_MODULES = YES;
				CLANG_ENABLE_OBJC_ARC = YES;
				CLANG_WARN_BOOL_CONVERSION = YES;
				CLANG_WARN_CONSTANT_CONVERSION = YES;
				CLANG_WARN_DIRECT_OBJC_ISA_USAGE = YES_ERROR;
				CLANG_WARN_DOCUMENTATION_COMMENTS = YES;
				CLANG_WARN_EMPTY_BODY = YES;
				CLANG_WARN_ENUM_CONVERSION = YES;
				CLANG_WARN_INFINITE_RECURSION = YES;
				CLANG_WARN_INT_CONVERSION = YES;
				CLANG_WARN_OBJC_ROOT_CLASS = YES_ERROR;
				CLANG_WARN_SUSPICIOUS_MOVE = YES;
				CLANG_WARN_UNREACHABLE_CODE = YES;
				CLANG_WARN__DUPLICATE_METHOD_MATCH = YES;
				"CODE_SIGN_IDENTITY[sdk=iphoneos*]" = "iPhone Developer";
				COPY_PHASE_STRIP = NO;
				DEBUG_INFORMATION_FORMAT = dwarf;
				ENABLE_STRICT_OBJC_MSGSEND = YES;
				ENABLE_TESTABILITY = YES;
				GCC_C_LANGUAGE_STANDARD = gnu99;
				GCC_DYNAMIC_NO_PIC = NO;
				GCC_NO_COMMON_BLOCKS = YES;
				GCC_OPTIMIZATION_LEVEL = 0;
				GCC_PREPROCESSOR_DEFINITIONS = (
					"DEBUG=1",
					"$(inherited)",
				);
				GCC_WARN_64_TO_32_BIT_CONVERSION = YES;
				GCC_WARN_ABOUT_RETURN_TYPE = YES_ERROR;
				GCC_WARN_UNDECLARED_SELECTOR = YES;
				GCC_WARN_UNINITIALIZED_AUTOS = YES_AGGRESSIVE;
				GCC_WARN_UNUSED_FUNCTION = YES;
				GCC_WARN_UNUSED_VARIABLE = YES;
				IPHONEOS_DEPLOYMENT_TARGET = 10.2;
				MTL_ENABLE_DEBUG_INFO = YES;
				ONLY_ACTIVE_ARCH = YES;
				SDKROOT = iphoneos;
				SWIFT_ACTIVE_COMPILATION_CONDITIONS = DEBUG;
				SWIFT_OPTIMIZATION_LEVEL = "-Onone";
				TARGETED_DEVICE_FAMILY = "1,2";
			};
			name = Debug;
		};
		CC174F231E0F67560036F4E6 /* Release */ = {
			isa = XCBuildConfiguration;
			buildSettings = {
				ALWAYS_SEARCH_USER_PATHS = NO;
				CLANG_ANALYZER_NONNULL = YES;
				CLANG_CXX_LANGUAGE_STANDARD = "gnu++0x";
				CLANG_CXX_LIBRARY = "libc++";
				CLANG_ENABLE_MODULES = YES;
				CLANG_ENABLE_OBJC_ARC = YES;
				CLANG_WARN_BOOL_CONVERSION = YES;
				CLANG_WARN_CONSTANT_CONVERSION = YES;
				CLANG_WARN_DIRECT_OBJC_ISA_USAGE = YES_ERROR;
				CLANG_WARN_DOCUMENTATION_COMMENTS = YES;
				CLANG_WARN_EMPTY_BODY = YES;
				CLANG_WARN_ENUM_CONVERSION = YES;
				CLANG_WARN_INFINITE_RECURSION = YES;
				CLANG_WARN_INT_CONVERSION = YES;
				CLANG_WARN_OBJC_ROOT_CLASS = YES_ERROR;
				CLANG_WARN_SUSPICIOUS_MOVE = YES;
				CLANG_WARN_UNREACHABLE_CODE = YES;
				CLANG_WARN__DUPLICATE_METHOD_MATCH = YES;
				"CODE_SIGN_IDENTITY[sdk=iphoneos*]" = "iPhone Developer";
				COPY_PHASE_STRIP = NO;
				DEBUG_INFORMATION_FORMAT = "dwarf-with-dsym";
				ENABLE_NS_ASSERTIONS = NO;
				ENABLE_STRICT_OBJC_MSGSEND = YES;
				GCC_C_LANGUAGE_STANDARD = gnu99;
				GCC_NO_COMMON_BLOCKS = YES;
				GCC_WARN_64_TO_32_BIT_CONVERSION = YES;
				GCC_WARN_ABOUT_RETURN_TYPE = YES_ERROR;
				GCC_WARN_UNDECLARED_SELECTOR = YES;
				GCC_WARN_UNINITIALIZED_AUTOS = YES_AGGRESSIVE;
				GCC_WARN_UNUSED_FUNCTION = YES;
				GCC_WARN_UNUSED_VARIABLE = YES;
				IPHONEOS_DEPLOYMENT_TARGET = 10.2;
				MTL_ENABLE_DEBUG_INFO = NO;
				SDKROOT = iphoneos;
				SWIFT_OPTIMIZATION_LEVEL = "-Owholemodule";
				TARGETED_DEVICE_FAMILY = "1,2";
				VALIDATE_PRODUCT = YES;
			};
			name = Release;
		};
		CC174F251E0F67560036F4E6 /* Debug */ = {
			isa = XCBuildConfiguration;
			baseConfigurationReference = 00F9C094C0CA6C2AFCB4C1EC /* Pods-MyJournal.debug.xcconfig */;
			buildSettings = {
				ASSETCATALOG_COMPILER_APPICON_NAME = AppIcon;
				DEVELOPMENT_TEAM = 5Z6HJMDT99;
				INFOPLIST_FILE = MyJournal/Info.plist;
				LD_RUNPATH_SEARCH_PATHS = "$(inherited) @executable_path/Frameworks";
				PRODUCT_BUNDLE_IDENTIFIER = com.ssdewani.MyJournal;
				PRODUCT_NAME = "$(TARGET_NAME)";
				SWIFT_VERSION = 3.0;
			};
			name = Debug;
		};
		CC174F261E0F67560036F4E6 /* Release */ = {
			isa = XCBuildConfiguration;
			baseConfigurationReference = A3FFAE2F5B04611190E49CA5 /* Pods-MyJournal.release.xcconfig */;
			buildSettings = {
				ASSETCATALOG_COMPILER_APPICON_NAME = AppIcon;
				DEVELOPMENT_TEAM = 5Z6HJMDT99;
				INFOPLIST_FILE = MyJournal/Info.plist;
				LD_RUNPATH_SEARCH_PATHS = "$(inherited) @executable_path/Frameworks";
				PRODUCT_BUNDLE_IDENTIFIER = com.ssdewani.MyJournal;
				PRODUCT_NAME = "$(TARGET_NAME)";
				SWIFT_VERSION = 3.0;
			};
			name = Release;
		};
		CC174F281E0F67560036F4E6 /* Debug */ = {
			isa = XCBuildConfiguration;
			buildSettings = {
				ALWAYS_EMBED_SWIFT_STANDARD_LIBRARIES = YES;
				BUNDLE_LOADER = "$(TEST_HOST)";
				INFOPLIST_FILE = MyJournalTests/Info.plist;
				LD_RUNPATH_SEARCH_PATHS = "$(inherited) @executable_path/Frameworks @loader_path/Frameworks";
				PRODUCT_BUNDLE_IDENTIFIER = com.example.MyJournalTests;
				PRODUCT_NAME = "$(TARGET_NAME)";
				SWIFT_VERSION = 3.0;
				TEST_HOST = "$(BUILT_PRODUCTS_DIR)/MyJournal.app/MyJournal";
			};
			name = Debug;
		};
		CC174F291E0F67560036F4E6 /* Release */ = {
			isa = XCBuildConfiguration;
			buildSettings = {
				ALWAYS_EMBED_SWIFT_STANDARD_LIBRARIES = YES;
				BUNDLE_LOADER = "$(TEST_HOST)";
				INFOPLIST_FILE = MyJournalTests/Info.plist;
				LD_RUNPATH_SEARCH_PATHS = "$(inherited) @executable_path/Frameworks @loader_path/Frameworks";
				PRODUCT_BUNDLE_IDENTIFIER = com.example.MyJournalTests;
				PRODUCT_NAME = "$(TARGET_NAME)";
				SWIFT_VERSION = 3.0;
				TEST_HOST = "$(BUILT_PRODUCTS_DIR)/MyJournal.app/MyJournal";
			};
			name = Release;
		};
/* End XCBuildConfiguration section */

/* Begin XCConfigurationList section */
		CC174F021E0F67550036F4E6 /* Build configuration list for PBXProject "MyJournal" */ = {
			isa = XCConfigurationList;
			buildConfigurations = (
				CC174F221E0F67560036F4E6 /* Debug */,
				CC174F231E0F67560036F4E6 /* Release */,
			);
			defaultConfigurationIsVisible = 0;
			defaultConfigurationName = Release;
		};
		CC174F241E0F67560036F4E6 /* Build configuration list for PBXNativeTarget "MyJournal" */ = {
			isa = XCConfigurationList;
			buildConfigurations = (
				CC174F251E0F67560036F4E6 /* Debug */,
				CC174F261E0F67560036F4E6 /* Release */,
			);
			defaultConfigurationIsVisible = 0;
			defaultConfigurationName = Release;
		};
		CC174F271E0F67560036F4E6 /* Build configuration list for PBXNativeTarget "MyJournalTests" */ = {
			isa = XCConfigurationList;
			buildConfigurations = (
				CC174F281E0F67560036F4E6 /* Debug */,
				CC174F291E0F67560036F4E6 /* Release */,
			);
			defaultConfigurationIsVisible = 0;
			defaultConfigurationName = Release;
		};
/* End XCConfigurationList section */
	};
	rootObject = CC174EFF1E0F67550036F4E6 /* Project object */;
}
